
Microsoft Visual Studio Solution File, Format Version 9.00
# Visual Studio 2005
Project("{FAE04EC0-301F-11D3-BF4B-00C04F79EFBC}") = "VXStudio", "VXStudio.csproj", "{28CDF371-1B26-4705-A18F-02FC0195D67A}"
EndProject
Global
	GlobalSection(SolutionConfigurationPlatforms) = preSolution
		Debug|Any CPU = Debug|Any CPU
		Release|Any CPU = Release|Any CPU
	EndGlobalSection
	GlobalSection(ProjectConfigurationPlatforms) = postSolution
		{28CDF371-1B26-4705-A18F-02FC0195D67A}.Debug|Any CPU.ActiveCfg = Debug|Any CPU
		{28CDF371-1B26-4705-A18F-02FC0195D67A}.Debug|Any CPU.Build.0 = Debug|Any CPU
		{28CDF371-1B26-4705-A18F-02FC0195D67A}.Release|Any CPU.ActiveCfg = Release|Any CPU
		{28CDF371-1B26-4705-A18F-02FC0195D67A}.Release|Any CPU.Build.0 = Release|Any CPU
	EndGlobalSection
	GlobalSection(SolutionProperties) = preSolution
		HideSolutionNode = FALSE
	EndGlobalSection
EndGlobal
